
Microsoft Visual Studio Solution File, Format Version 12.00
# Visual Studio Version 17
VisualStudioVersion = 17.0.32112.339
MinimumVisualStudioVersion = 10.0.40219.1
Project("{FAE04EC0-301F-11D3-BF4B-00C04F79EFBC}") = "Assignment_31", "Assignment_31\Assignment_31.csproj", "{1B8B830E-E537-4150-BBD1-40112CC646BF}"
EndProject
Global
	GlobalSection(SolutionConfigurationPlatforms) = preSolution
		Debug|Any CPU = Debug|Any CPU
		Release|Any CPU = Release|Any CPU
	EndGlobalSection
	GlobalSection(ProjectConfigurationPlatforms) = postSolution
		{1B8B830E-E537-4150-BBD1-40112CC646BF}.Debug|Any CPU.ActiveCfg = Debug|Any CPU
		{1B8B830E-E537-4150-BBD1-40112CC646BF}.Debug|Any CPU.Build.0 = Debug|Any CPU
		{1B8B830E-E537-4150-BBD1-40112CC646BF}.Release|Any CPU.ActiveCfg = Release|Any CPU
		{1B8B830E-E537-4150-BBD1-40112CC646BF}.Release|Any CPU.Build.0 = Release|Any CPU
	EndGlobalSection
	GlobalSection(SolutionProperties) = preSolution
		HideSolutionNode = FALSE
	EndGlobalSection
	GlobalSection(ExtensibilityGlobals) = postSolution
		SolutionGuid = {8FF3DFC5-B523-49CC-A48D-D98AFFC40F84}
	EndGlobalSection
EndGlobal
